
Microsoft Visual Studio Solution File, Format Version 12.00
# Visual Studio Version 17
VisualStudioVersion = 17.8.34525.116
MinimumVisualStudioVersion = 10.0.40219.1
Project("{FAE04EC0-301F-11D3-BF4B-00C04F79EFBC}") = "NS2Bot", "NS2Bot\NS2Bot.csproj", "{144C6A6D-4A88-49E8-9AA2-7F3211D0F4E4}"
EndProject
Project("{2150E333-8FDC-42A3-9474-1A3956D46DE8}") = "Solution Items", "Solution Items", "{203AF995-4C21-4034-9BA6-D6F916DA9D01}"
	ProjectSection(SolutionItems) = preProject
		.editorconfig = .editorconfig
	EndProjectSection
EndProject
Global
	GlobalSection(SolutionConfigurationPlatforms) = preSolution
		Debug|Any CPU = Debug|Any CPU
		Release|Any CPU = Release|Any CPU
	EndGlobalSection
	GlobalSection(ProjectConfigurationPlatforms) = postSolution
		{144C6A6D-4A88-49E8-9AA2-7F3211D0F4E4}.Debug|Any CPU.ActiveCfg = Debug|Any CPU
		{144C6A6D-4A88-49E8-9AA2-7F3211D0F4E4}.Debug|Any CPU.Build.0 = Debug|Any CPU
		{144C6A6D-4A88-49E8-9AA2-7F3211D0F4E4}.Release|Any CPU.ActiveCfg = Release|Any CPU
		{144C6A6D-4A88-49E8-9AA2-7F3211D0F4E4}.Release|Any CPU.Build.0 = Release|Any CPU
	EndGlobalSection
	GlobalSection(SolutionProperties) = preSolution
		HideSolutionNode = FALSE
	EndGlobalSection
	GlobalSection(ExtensibilityGlobals) = postSolution
		SolutionGuid = {D8A38475-8A78-4430-891C-6D46FE9D79E0}
	EndGlobalSection
EndGlobal
